{
  "name": "@floip/expression-parser",
  "version": "1.11.3",
  "lockfileVersion": 1,
  "requires": true,
  "dependencies": {
    "@types/node": {
      "version": "12.20.5",
      "resolved": "https://registry.npmjs.org/@types/node/-/node-12.20.5.tgz",
      "integrity": "sha512-5Oy7tYZnu3a4pnJ//d4yVvOImExl4Vtwf0D40iKUlU+XlUsyV9iyFWyCFlwy489b72FMAik/EFwRkNLjjOdSPg==",
      "dev": true
    },
    "pegjs": {
      "version": "0.10.0",
      "resolved": "https://registry.npmjs.org/pegjs/-/pegjs-0.10.0.tgz",
      "integrity": "sha1-z4uvrm7d/0tafvsYUmnqr0YQ3b0=",
      "dev": true
    },
    "phpegjs": {
      "version": "1.0.0-beta7",
      "resolved": "https://registry.npmjs.org/phpegjs/-/phpegjs-1.0.0-beta7.tgz",
      "integrity": "sha1-uLbthQGYB//Q7+ID4AKj5e2LTZQ=",
      "dev": true
    },
    "ts-pegjs": {
      "version": "0.2.7",
      "resolved": "https://registry.npmjs.org/ts-pegjs/-/ts-pegjs-0.2.7.tgz",
      "integrity": "sha512-pB+lqVyPWEUDy8w4E53Yu8V6w20No75J6lHUD+sFzogGW/Qn/QtkdR+vYYfMVEsDpz7LEKUOU5Rqf6dgVA3qsQ==",
      "dev": true,
      "requires": {
        "pegjs": "^0.10.0"
      }
    },
    "tsc": {
      "version": "1.20150623.0",
      "resolved": "https://registry.npmjs.org/tsc/-/tsc-1.20150623.0.tgz",
      "integrity": "sha1-Trw8d04WkUjLx2inNCUz8ILHpuU=",
      "dev": true
    },
    "typescript": {
      "version": "3.9.9",
      "resolved": "https://registry.npmjs.org/typescript/-/typescript-3.9.9.tgz",
      "integrity": "sha512-kdMjTiekY+z/ubJCATUPlRDl39vXYiMV9iyeMuEuXZh2we6zz80uovNN2WlAxmmdE/Z/YQe+EbOEXB5RHEED3w==",
      "dev": true
    }
  }
}
